// !$*UTF8*$!
{
	archiveVersion = 1;
	classes = {
	};
	objectVersion = 46;
	objects = {

/* Begin PBXBuildFile section */
		9EFFFBA51C97F4FC000B8436 /* main.m in Sources */ = {isa = PBXBuildFile; fileRef = 9EFFFBA41C97F4FC000B8436 /* main.m */; };
		9EFFFBA81C97F4FC000B8436 /* AppDelegate.m in Sources */ = {isa = PBXBuildFile; fileRef = 9EFFFBA71C97F4FC000B8436 /* AppDelegate.m */; };
		9EFFFBAB1C97F4FC000B8436 /* ViewController.m in Sources */ = {isa = PBXBuildFile; fileRef = 9EFFFBAA1C97F4FC000B8436 /* ViewController.m */; };
		9EFFFBAE1C97F4FC000B8436 /* Main.storyboard in Resources */ = {isa = PBXBuildFile; fileRef = 9EFFFBAC1C97F4FC000B8436 /* Main.storyboard */; };
		9EFFFBB01C97F4FC000B8436 /* Assets.xcassets in Resources */ = {isa = PBXBuildFile; fileRef = 9EFFFBAF1C97F4FC000B8436 /* Assets.xcassets */; };
		9EFFFBB31C97F4FC000B8436 /* LaunchScreen.storyboard in Resources */ = {isa = PBXBuildFile; fileRef = 9EFFFBB11C97F4FC000B8436 /* LaunchScreen.storyboard */; };
/* End PBXBuildFile section */

/* Begin PBXFileReference section */
		9EFFFBA01C97F4FC000B8436 /* ConstraintsSemple.app */ = {isa = PBXFileReference; explicitFileType = wrapper.application; includeInIndex = 0; path = ConstraintsSemple.app; sourceTree = BUILT_PRODUCTS_DIR; };
		9EFFFBA41C97F4FC000B8436 /* main.m */ = {isa = PBXFileReference; lastKnownFileType = sourcecode.c.objc; path = main.m; sourceTree = "<group>"; };
		9EFFFBA61C97F4FC000B8436 /* AppDelegate.h */ = {isa = PBXFileReference; lastKnownFileType = sourcecode.c.h; path = AppDelegate.h; sourceTree = "<group>"; };
		9EFFFBA71C97F4FC000B8436 /* AppDelegate.m */ = {isa = PBXFileReference; lastKnownFileType = sourcecode.c.objc; path = AppDelegate.m; sourceTree = "<group>"; };
		9EFFFBA91C97F4FC000B8436 /* ViewController.h */ = {isa = PBXFileReference; lastKnownFileType = sourcecode.c.h; path = ViewController.h; sourceTree = "<group>"; };
		9EFFFBAA1C97F4FC000B8436 /* ViewController.m */ = {isa = PBXFileReference; lastKnownFileType = sourcecode.c.objc; path = ViewController.m; sourceTree = "<group>"; };
		9EFFFBAD1C97F4FC000B8436 /* Base */ = {isa = PBXFileReference; lastKnownFileType = file.storyboard; name = Base; path = Base.lproj/Main.storyboard; sourceTree = "<group>"; };
		9EFFFBAF1C97F4FC000B8436 /* Assets.xcassets */ = {isa = PBXFileReference; lastKnownFileType = folder.assetcatalog; path = Assets.xcassets; sourceTree = "<group>"; };
		9EFFFBB21C97F4FC000B8436 /* Base */ = {isa = PBXFileReference; lastKnownFileType = file.storyboard; name = Base; path = Base.lproj/LaunchScreen.storyboard; sourceTree = "<group>"; };
		9EFFFBB41C97F4FC000B8436 /* Info.plist */ = {isa = PBXFileReference; lastKnownFileType = text.plist.xml; path = Info.plist; sourceTree = "<group>"; };
/* End PBXFileReference section */

/* Begin PBXFrameworksBuildPhase section */
		9EFFFB9D1C97F4FC000B8436 /* Frameworks */ = {
			isa = PBXFrameworksBuildPhase;
			buildActionMask = 2147483647;
			files = (
			);
			runOnlyForDeploymentPostprocessing = 0;
		};
/* End PBXFrameworksBuildPhase section */

/* Begin PBXGroup section */
		9EFFFB971C97F4FC000B8436 = {
			isa = PBXGroup;
			children = (
				9EFFFBA21C97F4FC000B8436 /* ConstraintsSemple */,
				9EFFFBA11C97F4FC000B8436 /* Products */,
			);
			sourceTree = "<group>";
		};
		9EFFFBA11C97F4FC000B8436 /* Products */ = {
			isa = PBXGroup;
			children = (
				9EFFFBA01C97F4FC000B8436 /* ConstraintsSemple.app */,
			);
			name = Products;
			sourceTree = "<group>";
		};
		9EFFFBA21C97F4FC000B8436 /* ConstraintsSemple */ = {
			isa = PBXGroup;
			children = (
				9EFFFBA61C97F4FC000B8436 /* AppDelegate.h */,
				9EFFFBA71C97F4FC000B8436 /* AppDelegate.m */,
				9EFFFBA91C97F4FC000B8436 /* ViewController.h */,
				9EFFFBAA1C97F4FC000B8436 /* ViewController.m */,
				9EFFFBAC1C97F4FC000B8436 /* Main.storyboard */,
				9EFFFBAF1C97F4FC000B8436 /* Assets.xcassets */,
				9EFFFBB11C97F4FC000B8436 /* LaunchScreen.storyboard */,
				9EFFFBB41C97F4FC000B8436 /* Info.plist */,
				9EFFFBA31C97F4FC000B8436 /* Supporting Files */,
			);
			path = ConstraintsSemple;
			sourceTree = "<group>";
		};
		9EFFFBA31C97F4FC000B8436 /* Supporting Files */ = {
			isa = PBXGroup;
			children = (
				9EFFFBA41C97F4FC000B8436 /* main.m */,
			);
			name = "Supporting Files";
			sourceTree = "<group>";
		};
/* End PBXGroup section */

/* Begin PBXNativeTarget section */
		9EFFFB9F1C97F4FC000B8436 /* ConstraintsSemple */ = {
			isa = PBXNativeTarget;
			buildConfigurationList = 9EFFFBB71C97F4FC000B8436 /* Build configuration list for PBXNativeTarget "ConstraintsSemple" */;
			buildPhases = (
				9EFFFB9C1C97F4FC000B8436 /* Sources */,
				9EFFFB9D1C97F4FC000B8436 /* Frameworks */,
				9EFFFB9E1C97F4FC000B8436 /* Resources */,
			);
			buildRules = (
			);
			dependencies = (
			);
			name = ConstraintsSemple;
			productName = ConstraintsSemple;
			productReference = 9EFFFBA01C97F4FC000B8436 /* ConstraintsSemple.app */;
			productType = "com.apple.product-type.application";
		};
/* End PBXNativeTarget section */

/* Begin PBXProject section */
		9EFFFB981C97F4FC000B8436 /* Project object */ = {
			isa = PBXProject;
			attributes = {
				LastUpgradeCheck = 0720;
				ORGANIZATIONNAME = AnkariOS;
				TargetAttributes = {
					9EFFFB9F1C97F4FC000B8436 = {
						CreatedOnToolsVersion = 7.2;
						DevelopmentTeam = 4D6269988M;
					};
				};
			};
			buildConfigurationList = 9EFFFB9B1C97F4FC000B8436 /* Build configuration list for PBXProject "ConstraintsSemple" */;
			compatibilityVersion = "Xcode 3.2";
			developmentRegion = English;
			hasScannedForEncodings = 0;
			knownRegions = (
				en,
				Base,
			);
			mainGroup = 9EFFFB971C97F4FC000B8436;
			productRefGroup = 9EFFFBA11C97F4FC000B8436 /* Products */;
			projectDirPath = "";
			projectRoot = "";
			targets = (
				9EFFFB9F1C97F4FC000B8436 /* ConstraintsSemple */,
			);
		};
/* End PBXProject section */

/* Begin PBXResourcesBuildPhase section */
		9EFFFB9E1C97F4FC000B8436 /* Resources */ = {
			isa = PBXResourcesBuildPhase;
			buildActionMask = 2147483647;
			files = (
				9EFFFBB31C97F4FC000B8436 /* LaunchScreen.storyboard in Resources */,
				9EFFFBB01C97F4FC000B8436 /* Assets.xcassets in Resources */,
				9EFFFBAE1C97F4FC000B8436 /* Main.storyboard in Resources */,
			);
			runOnlyForDeploymentPostprocessing = 0;
		};
/* End PBXResourcesBuildPhase section */

/* Begin PBXSourcesBuildPhase section */
		9EFFFB9C1C97F4FC000B8436 /* Sources */ = {
			isa = PBXSourcesBuildPhase;
			buildActionMask = 2147483647;
			files = (
				9EFFFBAB1C97F4FC000B8436 /* ViewController.m in Sources */,
				9EFFFBA81C97F4FC000B8436 /* AppDelegate.m in Sources */,
				9EFFFBA51C97F4FC000B8436 /* main.m in Sources */,
			);
			runOnlyForDeploymentPostprocessing = 0;
		};
/* End PBXSourcesBuildPhase section */

/* Begin PBXVariantGroup section */
		9EFFFBAC1C97F4FC000B8436 /* Main.storyboard */ = {
			isa = PBXVariantGroup;
			children = (
				9EFFFBAD1C97F4FC000B8436 /* Base */,
			);
			name = Main.storyboard;
			sourceTree = "<group>";
		};
		9EFFFBB11C97F4FC000B8436 /* LaunchScreen.storyboard */ = {
			isa = PBXVariantGroup;
			children = (
				9EFFFBB21C97F4FC000B8436 /* Base */,
			);
			name = LaunchScreen.storyboard;
			sourceTree = "<group>";
		};
/* End PBXVariantGroup section */

/* Begin XCBuildConfiguration section */
		9EFFFBB51C97F4FC000B8436 /* Debug */ = {
			isa = XCBuildConfiguration;
			buildSettings = {
				ALWAYS_SEARCH_USER_PATHS = NO;
				CLANG_CXX_LANGUAGE_STANDARD = "gnu++0x";
				CLANG_CXX_LIBRARY = "libc++";
				CLANG_ENABLE_MODULES = YES;
				CLANG_ENABLE_OBJC_ARC = YES;
				CLANG_WARN_BOOL_CONVERSION = YES;
				CLANG_WARN_CONSTANT_CONVERSION = YES;
				CLANG_WARN_DIRECT_OBJC_ISA_USAGE = YES_ERROR;
				CLANG_WARN_EMPTY_BODY = YES;
				CLANG_WARN_ENUM_CONVERSION = YES;
				CLANG_WARN_INT_CONVERSION = YES;
				CLANG_WARN_OBJC_ROOT_CLASS = YES_ERROR;
				CLANG_WARN_UNREACHABLE_CODE = YES;
				CLANG_WARN__DUPLICATE_METHOD_MATCH = YES;
				"CODE_SIGN_IDENTITY[sdk=iphoneos*]" = "iPhone Developer";
				COPY_PHASE_STRIP = NO;
				DEBUG_INFORMATION_FORMAT = dwarf;
				ENABLE_STRICT_OBJC_MSGSEND = YES;
				ENABLE_TESTABILITY = YES;
				GCC_C_LANGUAGE_STANDARD = gnu99;
				GCC_DYNAMIC_NO_PIC = NO;
				GCC_NO_COMMON_BLOCKS = YES;
				GCC_OPTIMIZATION_LEVEL = 0;
				GCC_PREPROCESSOR_DEFINITIONS = (
					"DEBUG=1",
					"$(inherited)",
				);
				GCC_WARN_64_TO_32_BIT_CONVERSION = YES;
				GCC_WARN_ABOUT_RETURN_TYPE = YES_ERROR;
				GCC_WARN_UNDECLARED_SELECTOR = YES;
				GCC_WARN_UNINITIALIZED_AUTOS = YES_AGGRESSIVE;
				GCC_WARN_UNUSED_FUNCTION = YES;
				GCC_WARN_UNUSED_VARIABLE = YES;
				IPHONEOS_DEPLOYMENT_TARGET = 9.2;
				MTL_ENABLE_DEBUG_INFO = YES;
				ONLY_ACTIVE_ARCH = YES;
				SDKROOT = iphoneos;
				TARGETED_DEVICE_FAMILY = "1,2";
			};
			name = Debug;
		};
		9EFFFBB61C97F4FC000B8436 /* Release */ = {
			isa = XCBuildConfiguration;
			buildSettings = {
				ALWAYS_SEARCH_USER_PATHS = NO;
				CLANG_CXX_LANGUAGE_STANDARD = "gnu++0x";
				CLANG_CXX_LIBRARY = "libc++";
				CLANG_ENABLE_MODULES = YES;
				CLANG_ENABLE_OBJC_ARC = YES;
				CLANG_WARN_BOOL_CONVERSION = YES;
				CLANG_WARN_CONSTANT_CONVERSION = YES;
				CLANG_WARN_DIRECT_OBJC_ISA_USAGE = YES_ERROR;
				CLANG_WARN_EMPTY_BODY = YES;
				CLANG_WARN_ENUM_CONVERSION = YES;
				CLANG_WARN_INT_CONVERSION = YES;
				CLANG_WARN_OBJC_ROOT_CLASS = YES_ERROR;
				CLANG_WARN_UNREACHABLE_CODE = YES;
				CLANG_WARN__DUPLICATE_METHOD_MATCH = YES;
				"CODE_SIGN_IDENTITY[sdk=iphoneos*]" = "iPhone Developer";
				COPY_PHASE_STRIP = NO;
				DEBUG_INFORMATION_FORMAT = "dwarf-with-dsym";
				ENABLE_NS_ASSERTIONS = NO;
				ENABLE_STRICT_OBJC_MSGSEND = YES;
				GCC_C_LANGUAGE_STANDARD = gnu99;
				GCC_NO_COMMON_BLOCKS = YES;
				GCC_WARN_64_TO_32_BIT_CONVERSION = YES;
				GCC_WARN_ABOUT_RETURN_TYPE = YES_ERROR;
				GCC_WARN_UNDECLARED_SELECTOR = YES;
				GCC_WARN_UNINITIALIZED_AUTOS = YES_AGGRESSIVE;
				GCC_WARN_UNUSED_FUNCTION = YES;
				GCC_WARN_UNUSED_VARIABLE = YES;
				IPHONEOS_DEPLOYMENT_TARGET = 9.2;
				MTL_ENABLE_DEBUG_INFO = NO;
				SDKROOT = iphoneos;
				TARGETED_DEVICE_FAMILY = "1,2";
				VALIDATE_PRODUCT = YES;
			};
			name = Release;
		};
		9EFFFBB81C97F4FC000B8436 /* Debug */ = {
			isa = XCBuildConfiguration;
			buildSettings = {
				ASSETCATALOG_COMPILER_APPICON_NAME = AppIcon;
				INFOPLIST_FILE = ConstraintsSemple/Info.plist;
				LD_RUNPATH_SEARCH_PATHS = "$(inherited) @executable_path/Frameworks";
				PRODUCT_BUNDLE_IDENTIFIER = com.AnkariOS.ConstraintsSemple;
				PRODUCT_NAME = "$(TARGET_NAME)";
			};
			name = Debug;
		};
		9EFFFBB91C97F4FC000B8436 /* Release */ = {
			isa = XCBuildConfiguration;
			buildSettings = {
				ASSETCATALOG_COMPILER_APPICON_NAME = AppIcon;
				INFOPLIST_FILE = ConstraintsSemple/Info.plist;
				LD_RUNPATH_SEARCH_PATHS = "$(inherited) @executable_path/Frameworks";
				PRODUCT_BUNDLE_IDENTIFIER = com.AnkariOS.ConstraintsSemple;
				PRODUCT_NAME = "$(TARGET_NAME)";
			};
			name = Release;
		};
/* End XCBuildConfiguration section */

/* Begin XCConfigurationList section */
		9EFFFB9B1C97F4FC000B8436 /* Build configuration list for PBXProject "ConstraintsSemple" */ = {
			isa = XCConfigurationList;
			buildConfigurations = (
				9EFFFBB51C97F4FC000B8436 /* Debug */,
				9EFFFBB61C97F4FC000B8436 /* Release */,
			);
			defaultConfigurationIsVisible = 0;
			defaultConfigurationName = Release;
		};
		9EFFFBB71C97F4FC000B8436 /* Build configuration list for PBXNativeTarget "ConstraintsSemple" */ = {
			isa = XCConfigurationList;
			buildConfigurations = (
				9EFFFBB81C97F4FC000B8436 /* Debug */,
				9EFFFBB91C97F4FC000B8436 /* Release */,
			);
			defaultConfigurationIsVisible = 0;
		};
/* End XCConfigurationList section */
	};
	rootObject = 9EFFFB981C97F4FC000B8436 /* Project object */;
}
